# Negative control: ordinary dependencies that exercise network + env config and
# even cross-file source-scanning, but none of the malicious conjunctions.
# rustinel must flag none of the proactive malice signals on them.
#  - legit-api-client : a plain HTTP client.
#  - benign-codegen   : reads `.rs` files in one module, makes HTTP in another —
#                       the two never coincide in one file (pass-4 regression).
#  - embedded-cert    : decodes a base64 cert into data (no execution sink) —
#                       blob + decode without running it must not be flagged.
version = 3

[[package]]
name = "app"
version = "0.1.0"
dependencies = [
 "benign-codegen",
 "embedded-cert",
 "legit-api-client",
]

[[package]]
name = "embedded-cert"
version = "0.1.0"
source = "registry+https://github.com/rust-lang/crates.io-index"
checksum = "3333333333333333333333333333333333333333333333333333333333333333"

[[package]]
name = "benign-codegen"
version = "0.1.0"
source = "registry+https://github.com/rust-lang/crates.io-index"
checksum = "1111111111111111111111111111111111111111111111111111111111111111"

[[package]]
name = "legit-api-client"
version = "0.1.0"
source = "registry+https://github.com/rust-lang/crates.io-index"
checksum = "0000000000000000000000000000000000000000000000000000000000000000"
