# Reconstruction of the rustdecimal typosquat (crates.io, 2022): a lookalike of
# `rust_decimal` whose runtime code gated a download-and-execute on the GITLAB_CI
# environment variable.
version = 3

[[package]]
name = "app"
version = "0.1.0"
dependencies = ["rustdecimal"]

[[package]]
name = "rustdecimal"
version = "0.1.0"
source = "registry+https://github.com/rust-lang/crates.io-index"
checksum = "0000000000000000000000000000000000000000000000000000000000000000"
